// !$*UTF8*$!
{
	archiveVersion = 1;
	classes = {
	};
	objectVersion = 48;
	objects = {

/* Begin PBXBuildFile section */
		A30B1DB82073D216004B8DA0 /* AppDelegate.swift in Sources */ = {isa = PBXBuildFile; fileRef = A30B1DB72073D216004B8DA0 /* AppDelegate.swift */; };
		A30B1DBD2073D217004B8DA0 /* Main.storyboard in Resources */ = {isa = PBXBuildFile; fileRef = A30B1DBB2073D217004B8DA0 /* Main.storyboard */; };
		A30B1DBF2073D217004B8DA0 /* Assets.xcassets in Resources */ = {isa = PBXBuildFile; fileRef = A30B1DBE2073D217004B8DA0 /* Assets.xcassets */; };
		A30B1DC22073D217004B8DA0 /* LaunchScreen.storyboard in Resources */ = {isa = PBXBuildFile; fileRef = A30B1DC02073D217004B8DA0 /* LaunchScreen.storyboard */; };
		A30B1DCD2073D217004B8DA0 /* iCinemaTests.swift in Sources */ = {isa = PBXBuildFile; fileRef = A30B1DCC2073D217004B8DA0 /* iCinemaTests.swift */; };
		A30B1DD82073D217004B8DA0 /* iCinemaUITests.swift in Sources */ = {isa = PBXBuildFile; fileRef = A30B1DD72073D217004B8DA0 /* iCinemaUITests.swift */; };
		BB3002D32075388A00F6CA48 /* TbController.swift in Sources */ = {isa = PBXBuildFile; fileRef = BB3002D22075388A00F6CA48 /* TbController.swift */; };
		BB3002D520753D3100F6CA48 /* SeriesTbController.swift in Sources */ = {isa = PBXBuildFile; fileRef = BB3002D420753D3100F6CA48 /* SeriesTbController.swift */; };
		BB3002D7207542B600F6CA48 /* PeliculasTbController.swift in Sources */ = {isa = PBXBuildFile; fileRef = BB3002D6207542B600F6CA48 /* PeliculasTbController.swift */; };
/* End PBXBuildFile section */

/* Begin PBXContainerItemProxy section */
		A30B1DC92073D217004B8DA0 /* PBXContainerItemProxy */ = {
			isa = PBXContainerItemProxy;
			containerPortal = A30B1DAC2073D216004B8DA0 /* Project object */;
			proxyType = 1;
			remoteGlobalIDString = A30B1DB32073D216004B8DA0;
			remoteInfo = iCinema;
		};
		A30B1DD42073D217004B8DA0 /* PBXContainerItemProxy */ = {
			isa = PBXContainerItemProxy;
			containerPortal = A30B1DAC2073D216004B8DA0 /* Project object */;
			proxyType = 1;
			remoteGlobalIDString = A30B1DB32073D216004B8DA0;
			remoteInfo = iCinema;
		};
/* End PBXContainerItemProxy section */

/* Begin PBXFileReference section */
		A30B1DB42073D216004B8DA0 /* iCinema.app */ = {isa = PBXFileReference; explicitFileType = wrapper.application; includeInIndex = 0; path = iCinema.app; sourceTree = BUILT_PRODUCTS_DIR; };
		A30B1DB72073D216004B8DA0 /* AppDelegate.swift */ = {isa = PBXFileReference; lastKnownFileType = sourcecode.swift; path = AppDelegate.swift; sourceTree = "<group>"; };
		A30B1DBC2073D217004B8DA0 /* Base */ = {isa = PBXFileReference; lastKnownFileType = file.storyboard; name = Base; path = Base.lproj/Main.storyboard; sourceTree = "<group>"; };
		A30B1DBE2073D217004B8DA0 /* Assets.xcassets */ = {isa = PBXFileReference; lastKnownFileType = folder.assetcatalog; path = Assets.xcassets; sourceTree = "<group>"; };
		A30B1DC12073D217004B8DA0 /* Base */ = {isa = PBXFileReference; lastKnownFileType = file.storyboard; name = Base; path = Base.lproj/LaunchScreen.storyboard; sourceTree = "<group>"; };
		A30B1DC32073D217004B8DA0 /* Info.plist */ = {isa = PBXFileReference; lastKnownFileType = text.plist.xml; path = Info.plist; sourceTree = "<group>"; };
		A30B1DC82073D217004B8DA0 /* iCinemaTests.xctest */ = {isa = PBXFileReference; explicitFileType = wrapper.cfbundle; includeInIndex = 0; path = iCinemaTests.xctest; sourceTree = BUILT_PRODUCTS_DIR; };
		A30B1DCC2073D217004B8DA0 /* iCinemaTests.swift */ = {isa = PBXFileReference; lastKnownFileType = sourcecode.swift; path = iCinemaTests.swift; sourceTree = "<group>"; };
		A30B1DCE2073D217004B8DA0 /* Info.plist */ = {isa = PBXFileReference; lastKnownFileType = text.plist.xml; path = Info.plist; sourceTree = "<group>"; };
		A30B1DD32073D217004B8DA0 /* iCinemaUITests.xctest */ = {isa = PBXFileReference; explicitFileType = wrapper.cfbundle; includeInIndex = 0; path = iCinemaUITests.xctest; sourceTree = BUILT_PRODUCTS_DIR; };
		A30B1DD72073D217004B8DA0 /* iCinemaUITests.swift */ = {isa = PBXFileReference; lastKnownFileType = sourcecode.swift; path = iCinemaUITests.swift; sourceTree = "<group>"; };
		A30B1DD92073D217004B8DA0 /* Info.plist */ = {isa = PBXFileReference; lastKnownFileType = text.plist.xml; path = Info.plist; sourceTree = "<group>"; };
		BB3002D1207535EB00F6CA48 /* en */ = {isa = PBXFileReference; lastKnownFileType = text.plist.strings; name = en; path = en.lproj/Main.strings; sourceTree = "<group>"; };
		BB3002D22075388A00F6CA48 /* TbController.swift */ = {isa = PBXFileReference; lastKnownFileType = sourcecode.swift; path = TbController.swift; sourceTree = "<group>"; };
		BB3002D420753D3100F6CA48 /* SeriesTbController.swift */ = {isa = PBXFileReference; lastKnownFileType = sourcecode.swift; path = SeriesTbController.swift; sourceTree = "<group>"; };
		BB3002D6207542B600F6CA48 /* PeliculasTbController.swift */ = {isa = PBXFileReference; lastKnownFileType = sourcecode.swift; path = PeliculasTbController.swift; sourceTree = "<group>"; };
		BB3002D8207543D800F6CA48 /* es */ = {isa = PBXFileReference; lastKnownFileType = text.plist.strings; name = es; path = es.lproj/Main.strings; sourceTree = "<group>"; };
		BB3002D9207543D800F6CA48 /* es */ = {isa = PBXFileReference; lastKnownFileType = text.plist.strings; name = es; path = es.lproj/LaunchScreen.strings; sourceTree = "<group>"; };
/* End PBXFileReference section */

/* Begin PBXFrameworksBuildPhase section */
		A30B1DB12073D216004B8DA0 /* Frameworks */ = {
			isa = PBXFrameworksBuildPhase;
			buildActionMask = 2147483647;
			files = (
			);
			runOnlyForDeploymentPostprocessing = 0;
		};
		A30B1DC52073D217004B8DA0 /* Frameworks */ = {
			isa = PBXFrameworksBuildPhase;
			buildActionMask = 2147483647;
			files = (
			);
			runOnlyForDeploymentPostprocessing = 0;
		};
		A30B1DD02073D217004B8DA0 /* Frameworks */ = {
			isa = PBXFrameworksBuildPhase;
			buildActionMask = 2147483647;
			files = (
			);
			runOnlyForDeploymentPostprocessing = 0;
		};
/* End PBXFrameworksBuildPhase section */

/* Begin PBXGroup section */
		A30B1DAB2073D216004B8DA0 = {
			isa = PBXGroup;
			children = (
				A30B1DB62073D216004B8DA0 /* iCinema */,
				A30B1DCB2073D217004B8DA0 /* iCinemaTests */,
				A30B1DD62073D217004B8DA0 /* iCinemaUITests */,
				A30B1DB52073D216004B8DA0 /* Products */,
			);
			sourceTree = "<group>";
		};
		A30B1DB52073D216004B8DA0 /* Products */ = {
			isa = PBXGroup;
			children = (
				A30B1DB42073D216004B8DA0 /* iCinema.app */,
				A30B1DC82073D217004B8DA0 /* iCinemaTests.xctest */,
				A30B1DD32073D217004B8DA0 /* iCinemaUITests.xctest */,
			);
			name = Products;
			sourceTree = "<group>";
		};
		A30B1DB62073D216004B8DA0 /* iCinema */ = {
			isa = PBXGroup;
			children = (
				A30B1DB72073D216004B8DA0 /* AppDelegate.swift */,
				A30B1DBB2073D217004B8DA0 /* Main.storyboard */,
				BB3002D420753D3100F6CA48 /* SeriesTbController.swift */,
				BB3002D6207542B600F6CA48 /* PeliculasTbController.swift */,
				BB3002D22075388A00F6CA48 /* TbController.swift */,
				A30B1DBE2073D217004B8DA0 /* Assets.xcassets */,
				A30B1DC02073D217004B8DA0 /* LaunchScreen.storyboard */,
				A30B1DC32073D217004B8DA0 /* Info.plist */,
			);
			path = iCinema;
			sourceTree = "<group>";
		};
		A30B1DCB2073D217004B8DA0 /* iCinemaTests */ = {
			isa = PBXGroup;
			children = (
				A30B1DCC2073D217004B8DA0 /* iCinemaTests.swift */,
				A30B1DCE2073D217004B8DA0 /* Info.plist */,
			);
			path = iCinemaTests;
			sourceTree = "<group>";
		};
		A30B1DD62073D217004B8DA0 /* iCinemaUITests */ = {
			isa = PBXGroup;
			children = (
				A30B1DD72073D217004B8DA0 /* iCinemaUITests.swift */,
				A30B1DD92073D217004B8DA0 /* Info.plist */,
			);
			path = iCinemaUITests;
			sourceTree = "<group>";
		};
/* End PBXGroup section */

/* Begin PBXNativeTarget section */
		A30B1DB32073D216004B8DA0 /* iCinema */ = {
			isa = PBXNativeTarget;
			buildConfigurationList = A30B1DDC2073D217004B8DA0 /* Build configuration list for PBXNativeTarget "iCinema" */;
			buildPhases = (
				A30B1DB02073D216004B8DA0 /* Sources */,
				A30B1DB12073D216004B8DA0 /* Frameworks */,
				A30B1DB22073D216004B8DA0 /* Resources */,
			);
			buildRules = (
			);
			dependencies = (
			);
			name = iCinema;
			productName = iCinema;
			productReference = A30B1DB42073D216004B8DA0 /* iCinema.app */;
			productType = "com.apple.product-type.application";
		};
		A30B1DC72073D217004B8DA0 /* iCinemaTests */ = {
			isa = PBXNativeTarget;
			buildConfigurationList = A30B1DDF2073D217004B8DA0 /* Build configuration list for PBXNativeTarget "iCinemaTests" */;
			buildPhases = (
				A30B1DC42073D217004B8DA0 /* Sources */,
				A30B1DC52073D217004B8DA0 /* Frameworks */,
				A30B1DC62073D217004B8DA0 /* Resources */,
			);
			buildRules = (
			);
			dependencies = (
				A30B1DCA2073D217004B8DA0 /* PBXTargetDependency */,
			);
			name = iCinemaTests;
			productName = iCinemaTests;
			productReference = A30B1DC82073D217004B8DA0 /* iCinemaTests.xctest */;
			productType = "com.apple.product-type.bundle.unit-test";
		};
		A30B1DD22073D217004B8DA0 /* iCinemaUITests */ = {
			isa = PBXNativeTarget;
			buildConfigurationList = A30B1DE22073D217004B8DA0 /* Build configuration list for PBXNativeTarget "iCinemaUITests" */;
			buildPhases = (
				A30B1DCF2073D217004B8DA0 /* Sources */,
				A30B1DD02073D217004B8DA0 /* Frameworks */,
				A30B1DD12073D217004B8DA0 /* Resources */,
			);
			buildRules = (
			);
			dependencies = (
				A30B1DD52073D217004B8DA0 /* PBXTargetDependency */,
			);
			name = iCinemaUITests;
			productName = iCinemaUITests;
			productReference = A30B1DD32073D217004B8DA0 /* iCinemaUITests.xctest */;
			productType = "com.apple.product-type.bundle.ui-testing";
		};
/* End PBXNativeTarget section */

/* Begin PBXProject section */
		A30B1DAC2073D216004B8DA0 /* Project object */ = {
			isa = PBXProject;
			attributes = {
				LastSwiftUpdateCheck = 0910;
				LastUpgradeCheck = 0930;
				ORGANIZATIONNAME = ls31360;
				TargetAttributes = {
					A30B1DB32073D216004B8DA0 = {
						CreatedOnToolsVersion = 9.1;
						ProvisioningStyle = Automatic;
					};
					A30B1DC72073D217004B8DA0 = {
						CreatedOnToolsVersion = 9.1;
						ProvisioningStyle = Automatic;
						TestTargetID = A30B1DB32073D216004B8DA0;
					};
					A30B1DD22073D217004B8DA0 = {
						CreatedOnToolsVersion = 9.1;
						ProvisioningStyle = Automatic;
						TestTargetID = A30B1DB32073D216004B8DA0;
					};
				};
			};
			buildConfigurationList = A30B1DAF2073D216004B8DA0 /* Build configuration list for PBXProject "iCinema" */;
			compatibilityVersion = "Xcode 8.0";
			developmentRegion = en;
			hasScannedForEncodings = 0;
			knownRegions = (
				en,
				Base,
			);
			mainGroup = A30B1DAB2073D216004B8DA0;
			productRefGroup = A30B1DB52073D216004B8DA0 /* Products */;
			projectDirPath = "";
			projectRoot = "";
			targets = (
				A30B1DB32073D216004B8DA0 /* iCinema */,
				A30B1DC72073D217004B8DA0 /* iCinemaTests */,
				A30B1DD22073D217004B8DA0 /* iCinemaUITests */,
			);
		};
/* End PBXProject section */

/* Begin PBXResourcesBuildPhase section */
		A30B1DB22073D216004B8DA0 /* Resources */ = {
			isa = PBXResourcesBuildPhase;
			buildActionMask = 2147483647;
			files = (
				A30B1DC22073D217004B8DA0 /* LaunchScreen.storyboard in Resources */,
				A30B1DBF2073D217004B8DA0 /* Assets.xcassets in Resources */,
				A30B1DBD2073D217004B8DA0 /* Main.storyboard in Resources */,
			);
			runOnlyForDeploymentPostprocessing = 0;
		};
		A30B1DC62073D217004B8DA0 /* Resources */ = {
			isa = PBXResourcesBuildPhase;
			buildActionMask = 2147483647;
			files = (
			);
			runOnlyForDeploymentPostprocessing = 0;
		};
		A30B1DD12073D217004B8DA0 /* Resources */ = {
			isa = PBXResourcesBuildPhase;
			buildActionMask = 2147483647;
			files = (
			);
			runOnlyForDeploymentPostprocessing = 0;
		};
/* End PBXResourcesBuildPhase section */

/* Begin PBXSourcesBuildPhase section */
		A30B1DB02073D216004B8DA0 /* Sources */ = {
			isa = PBXSourcesBuildPhase;
			buildActionMask = 2147483647;
			files = (
				BB3002D520753D3100F6CA48 /* SeriesTbController.swift in Sources */,
				BB3002D32075388A00F6CA48 /* TbController.swift in Sources */,
				BB3002D7207542B600F6CA48 /* PeliculasTbController.swift in Sources */,
				A30B1DB82073D216004B8DA0 /* AppDelegate.swift in Sources */,
			);
			runOnlyForDeploymentPostprocessing = 0;
		};
		A30B1DC42073D217004B8DA0 /* Sources */ = {
			isa = PBXSourcesBuildPhase;
			buildActionMask = 2147483647;
			files = (
				A30B1DCD2073D217004B8DA0 /* iCinemaTests.swift in Sources */,
			);
			runOnlyForDeploymentPostprocessing = 0;
		};
		A30B1DCF2073D217004B8DA0 /* Sources */ = {
			isa = PBXSourcesBuildPhase;
			buildActionMask = 2147483647;
			files = (
				A30B1DD82073D217004B8DA0 /* iCinemaUITests.swift in Sources */,
			);
			runOnlyForDeploymentPostprocessing = 0;
		};
/* End PBXSourcesBuildPhase section */

/* Begin PBXTargetDependency section */
		A30B1DCA2073D217004B8DA0 /* PBXTargetDependency */ = {
			isa = PBXTargetDependency;
			target = A30B1DB32073D216004B8DA0 /* iCinema */;
			targetProxy = A30B1DC92073D217004B8DA0 /* PBXContainerItemProxy */;
		};
		A30B1DD52073D217004B8DA0 /* PBXTargetDependency */ = {
			isa = PBXTargetDependency;
			target = A30B1DB32073D216004B8DA0 /* iCinema */;
			targetProxy = A30B1DD42073D217004B8DA0 /* PBXContainerItemProxy */;
		};
/* End PBXTargetDependency section */

/* Begin PBXVariantGroup section */
		A30B1DBB2073D217004B8DA0 /* Main.storyboard */ = {
			isa = PBXVariantGroup;
			children = (
				A30B1DBC2073D217004B8DA0 /* Base */,
				BB3002D1207535EB00F6CA48 /* en */,
				BB3002D8207543D800F6CA48 /* es */,
			);
			name = Main.storyboard;
			sourceTree = "<group>";
		};
		A30B1DC02073D217004B8DA0 /* LaunchScreen.storyboard */ = {
			isa = PBXVariantGroup;
			children = (
				A30B1DC12073D217004B8DA0 /* Base */,
				BB3002D9207543D800F6CA48 /* es */,
			);
			name = LaunchScreen.storyboard;
			sourceTree = "<group>";
		};
/* End PBXVariantGroup section */

/* Begin XCBuildConfiguration section */
		A30B1DDA2073D217004B8DA0 /* Debug */ = {
			isa = XCBuildConfiguration;
			buildSettings = {
				ALWAYS_SEARCH_USER_PATHS = NO;
				CLANG_ANALYZER_LOCALIZABILITY_NONLOCALIZED = YES;
				CLANG_ANALYZER_NONNULL = YES;
				CLANG_ANALYZER_NUMBER_OBJECT_CONVERSION = YES_AGGRESSIVE;
				CLANG_CXX_LANGUAGE_STANDARD = "gnu++14";
				CLANG_CXX_LIBRARY = "libc++";
				CLANG_ENABLE_MODULES = YES;
				CLANG_ENABLE_OBJC_ARC = YES;
				CLANG_WARN_BLOCK_CAPTURE_AUTORELEASING = YES;
				CLANG_WARN_BOOL_CONVERSION = YES;
				CLANG_WARN_COMMA = YES;
				CLANG_WARN_CONSTANT_CONVERSION = YES;
				CLANG_WARN_DEPRECATED_OBJC_IMPLEMENTATIONS = YES;
				CLANG_WARN_DIRECT_OBJC_ISA_USAGE = YES_ERROR;
				CLANG_WARN_DOCUMENTATION_COMMENTS = YES;
				CLANG_WARN_EMPTY_BODY = YES;
				CLANG_WARN_ENUM_CONVERSION = YES;
				CLANG_WARN_INFINITE_RECURSION = YES;
				CLANG_WARN_INT_CONVERSION = YES;
				CLANG_WARN_NON_LITERAL_NULL_CONVERSION = YES;
				CLANG_WARN_OBJC_IMPLICIT_RETAIN_SELF = YES;
				CLANG_WARN_OBJC_LITERAL_CONVERSION = YES;
				CLANG_WARN_OBJC_ROOT_CLASS = YES_ERROR;
				CLANG_WARN_RANGE_LOOP_ANALYSIS = YES;
				CLANG_WARN_STRICT_PROTOTYPES = YES;
				CLANG_WARN_SUSPICIOUS_MOVE = YES;
				CLANG_WARN_UNGUARDED_AVAILABILITY = YES_AGGRESSIVE;
				CLANG_WARN_UNREACHABLE_CODE = YES;
				CLANG_WARN__DUPLICATE_METHOD_MATCH = YES;
				CODE_SIGN_IDENTITY = "iPhone Developer";
				COPY_PHASE_STRIP = NO;
				DEBUG_INFORMATION_FORMAT = dwarf;
				ENABLE_STRICT_OBJC_MSGSEND = YES;
				ENABLE_TESTABILITY = YES;
				GCC_C_LANGUAGE_STANDARD = gnu11;
				GCC_DYNAMIC_NO_PIC = NO;
				GCC_NO_COMMON_BLOCKS = YES;
				GCC_OPTIMIZATION_LEVEL = 0;
				GCC_PREPROCESSOR_DEFINITIONS = (
					"DEBUG=1",
					"$(inherited)",
				);
				GCC_WARN_64_TO_32_BIT_CONVERSION = YES;
				GCC_WARN_ABOUT_RETURN_TYPE = YES_ERROR;
				GCC_WARN_UNDECLARED_SELECTOR = YES;
				GCC_WARN_UNINITIALIZED_AUTOS = YES_AGGRESSIVE;
				GCC_WARN_UNUSED_FUNCTION = YES;
				GCC_WARN_UNUSED_VARIABLE = YES;
				IPHONEOS_DEPLOYMENT_TARGET = 11.1;
				MTL_ENABLE_DEBUG_INFO = YES;
				ONLY_ACTIVE_ARCH = YES;
				SDKROOT = iphoneos;
				SWIFT_ACTIVE_COMPILATION_CONDITIONS = DEBUG;
				SWIFT_OPTIMIZATION_LEVEL = "-Onone";
			};
			name = Debug;
		};
		A30B1DDB2073D217004B8DA0 /* Release */ = {
			isa = XCBuildConfiguration;
			buildSettings = {
				ALWAYS_SEARCH_USER_PATHS = NO;
				CLANG_ANALYZER_LOCALIZABILITY_NONLOCALIZED = YES;
				CLANG_ANALYZER_NONNULL = YES;
				CLANG_ANALYZER_NUMBER_OBJECT_CONVERSION = YES_AGGRESSIVE;
				CLANG_CXX_LANGUAGE_STANDARD = "gnu++14";
				CLANG_CXX_LIBRARY = "libc++";
				CLANG_ENABLE_MODULES = YES;
				CLANG_ENABLE_OBJC_ARC = YES;
				CLANG_WARN_BLOCK_CAPTURE_AUTORELEASING = YES;
				CLANG_WARN_BOOL_CONVERSION = YES;
				CLANG_WARN_COMMA = YES;
				CLANG_WARN_CONSTANT_CONVERSION = YES;
				CLANG_WARN_DEPRECATED_OBJC_IMPLEMENTATIONS = YES;
				CLANG_WARN_DIRECT_OBJC_ISA_USAGE = YES_ERROR;
				CLANG_WARN_DOCUMENTATION_COMMENTS = YES;
				CLANG_WARN_EMPTY_BODY = YES;
				CLANG_WARN_ENUM_CONVERSION = YES;
				CLANG_WARN_INFINITE_RECURSION = YES;
				CLANG_WARN_INT_CONVERSION = YES;
				CLANG_WARN_NON_LITERAL_NULL_CONVERSION = YES;
				CLANG_WARN_OBJC_IMPLICIT_RETAIN_SELF = YES;
				CLANG_WARN_OBJC_LITERAL_CONVERSION = YES;
				CLANG_WARN_OBJC_ROOT_CLASS = YES_ERROR;
				CLANG_WARN_RANGE_LOOP_ANALYSIS = YES;
				CLANG_WARN_STRICT_PROTOTYPES = YES;
				CLANG_WARN_SUSPICIOUS_MOVE = YES;
				CLANG_WARN_UNGUARDED_AVAILABILITY = YES_AGGRESSIVE;
				CLANG_WARN_UNREACHABLE_CODE = YES;
				CLANG_WARN__DUPLICATE_METHOD_MATCH = YES;
				CODE_SIGN_IDENTITY = "iPhone Developer";
				COPY_PHASE_STRIP = NO;
				DEBUG_INFORMATION_FORMAT = "dwarf-with-dsym";
				ENABLE_NS_ASSERTIONS = NO;
				ENABLE_STRICT_OBJC_MSGSEND = YES;
				GCC_C_LANGUAGE_STANDARD = gnu11;
				GCC_NO_COMMON_BLOCKS = YES;
				GCC_WARN_64_TO_32_BIT_CONVERSION = YES;
				GCC_WARN_ABOUT_RETURN_TYPE = YES_ERROR;
				GCC_WARN_UNDECLARED_SELECTOR = YES;
				GCC_WARN_UNINITIALIZED_AUTOS = YES_AGGRESSIVE;
				GCC_WARN_UNUSED_FUNCTION = YES;
				GCC_WARN_UNUSED_VARIABLE = YES;
				IPHONEOS_DEPLOYMENT_TARGET = 11.1;
				MTL_ENABLE_DEBUG_INFO = NO;
				SDKROOT = iphoneos;
				SWIFT_OPTIMIZATION_LEVEL = "-Owholemodule";
				VALIDATE_PRODUCT = YES;
			};
			name = Release;
		};
		A30B1DDD2073D217004B8DA0 /* Debug */ = {
			isa = XCBuildConfiguration;
			buildSettings = {
				ASSETCATALOG_COMPILER_APPICON_NAME = AppIcon;
				"CODE_SIGN_IDENTITY[sdk=iphoneos*]" = "iPhone Developer";
				CODE_SIGN_STYLE = Automatic;
				DEVELOPMENT_TEAM = "";
				INFOPLIST_FILE = iCinema/Info.plist;
				LD_RUNPATH_SEARCH_PATHS = "$(inherited) @executable_path/Frameworks";
				PRODUCT_BUNDLE_IDENTIFIER = c.ls31360.iCinema;
				PRODUCT_NAME = "$(TARGET_NAME)";
				PROVISIONING_PROFILE_SPECIFIER = "";
				SWIFT_VERSION = 4.0;
				TARGETED_DEVICE_FAMILY = "1,2";
			};
			name = Debug;
		};
		A30B1DDE2073D217004B8DA0 /* Release */ = {
			isa = XCBuildConfiguration;
			buildSettings = {
				ASSETCATALOG_COMPILER_APPICON_NAME = AppIcon;
				"CODE_SIGN_IDENTITY[sdk=iphoneos*]" = "iPhone Developer";
				CODE_SIGN_STYLE = Automatic;
				DEVELOPMENT_TEAM = "";
				INFOPLIST_FILE = iCinema/Info.plist;
				LD_RUNPATH_SEARCH_PATHS = "$(inherited) @executable_path/Frameworks";
				PRODUCT_BUNDLE_IDENTIFIER = c.ls31360.iCinema;
				PRODUCT_NAME = "$(TARGET_NAME)";
				PROVISIONING_PROFILE_SPECIFIER = "";
				SWIFT_VERSION = 4.0;
				TARGETED_DEVICE_FAMILY = "1,2";
			};
			name = Release;
		};
		A30B1DE02073D217004B8DA0 /* Debug */ = {
			isa = XCBuildConfiguration;
			buildSettings = {
				ALWAYS_EMBED_SWIFT_STANDARD_LIBRARIES = YES;
				BUNDLE_LOADER = "$(TEST_HOST)";
				CODE_SIGN_STYLE = Automatic;
				INFOPLIST_FILE = iCinemaTests/Info.plist;
				LD_RUNPATH_SEARCH_PATHS = "$(inherited) @executable_path/Frameworks @loader_path/Frameworks";
				PRODUCT_BUNDLE_IDENTIFIER = c.ls31360.iCinemaTests;
				PRODUCT_NAME = "$(TARGET_NAME)";
				SWIFT_VERSION = 4.0;
				TARGETED_DEVICE_FAMILY = "1,2";
				TEST_HOST = "$(BUILT_PRODUCTS_DIR)/iCinema.app/iCinema";
			};
			name = Debug;
		};
		A30B1DE12073D217004B8DA0 /* Release */ = {
			isa = XCBuildConfiguration;
			buildSettings = {
				ALWAYS_EMBED_SWIFT_STANDARD_LIBRARIES = YES;
				BUNDLE_LOADER = "$(TEST_HOST)";
				CODE_SIGN_STYLE = Automatic;
				INFOPLIST_FILE = iCinemaTests/Info.plist;
				LD_RUNPATH_SEARCH_PATHS = "$(inherited) @executable_path/Frameworks @loader_path/Frameworks";
				PRODUCT_BUNDLE_IDENTIFIER = c.ls31360.iCinemaTests;
				PRODUCT_NAME = "$(TARGET_NAME)";
				SWIFT_VERSION = 4.0;
				TARGETED_DEVICE_FAMILY = "1,2";
				TEST_HOST = "$(BUILT_PRODUCTS_DIR)/iCinema.app/iCinema";
			};
			name = Release;
		};
		A30B1DE32073D217004B8DA0 /* Debug */ = {
			isa = XCBuildConfiguration;
			buildSettings = {
				ALWAYS_EMBED_SWIFT_STANDARD_LIBRARIES = YES;
				CODE_SIGN_STYLE = Automatic;
				INFOPLIST_FILE = iCinemaUITests/Info.plist;
				LD_RUNPATH_SEARCH_PATHS = "$(inherited) @executable_path/Frameworks @loader_path/Frameworks";
				PRODUCT_BUNDLE_IDENTIFIER = c.ls31360.iCinemaUITests;
				PRODUCT_NAME = "$(TARGET_NAME)";
				SWIFT_VERSION = 4.0;
				TARGETED_DEVICE_FAMILY = "1,2";
				TEST_TARGET_NAME = iCinema;
			};
			name = Debug;
		};
		A30B1DE42073D217004B8DA0 /* Release */ = {
			isa = XCBuildConfiguration;
			buildSettings = {
				ALWAYS_EMBED_SWIFT_STANDARD_LIBRARIES = YES;
				CODE_SIGN_STYLE = Automatic;
				INFOPLIST_FILE = iCinemaUITests/Info.plist;
				LD_RUNPATH_SEARCH_PATHS = "$(inherited) @executable_path/Frameworks @loader_path/Frameworks";
				PRODUCT_BUNDLE_IDENTIFIER = c.ls31360.iCinemaUITests;
				PRODUCT_NAME = "$(TARGET_NAME)";
				SWIFT_VERSION = 4.0;
				TARGETED_DEVICE_FAMILY = "1,2";
				TEST_TARGET_NAME = iCinema;
			};
			name = Release;
		};
/* End XCBuildConfiguration section */

/* Begin XCConfigurationList section */
		A30B1DAF2073D216004B8DA0 /* Build configuration list for PBXProject "iCinema" */ = {
			isa = XCConfigurationList;
			buildConfigurations = (
				A30B1DDA2073D217004B8DA0 /* Debug */,
				A30B1DDB2073D217004B8DA0 /* Release */,
			);
			defaultConfigurationIsVisible = 0;
			defaultConfigurationName = Release;
		};
		A30B1DDC2073D217004B8DA0 /* Build configuration list for PBXNativeTarget "iCinema" */ = {
			isa = XCConfigurationList;
			buildConfigurations = (
				A30B1DDD2073D217004B8DA0 /* Debug */,
				A30B1DDE2073D217004B8DA0 /* Release */,
			);
			defaultConfigurationIsVisible = 0;
			defaultConfigurationName = Release;
		};
		A30B1DDF2073D217004B8DA0 /* Build configuration list for PBXNativeTarget "iCinemaTests" */ = {
			isa = XCConfigurationList;
			buildConfigurations = (
				A30B1DE02073D217004B8DA0 /* Debug */,
				A30B1DE12073D217004B8DA0 /* Release */,
			);
			defaultConfigurationIsVisible = 0;
			defaultConfigurationName = Release;
		};
		A30B1DE22073D217004B8DA0 /* Build configuration list for PBXNativeTarget "iCinemaUITests" */ = {
			isa = XCConfigurationList;
			buildConfigurations = (
				A30B1DE32073D217004B8DA0 /* Debug */,
				A30B1DE42073D217004B8DA0 /* Release */,
			);
			defaultConfigurationIsVisible = 0;
			defaultConfigurationName = Release;
		};
/* End XCConfigurationList section */
	};
	rootObject = A30B1DAC2073D216004B8DA0 /* Project object */;
}
